// !$*UTF8*$!
{
	archiveVersion = 1;
	classes = {
	};
	objectVersion = 48;
	objects = {

/* Begin PBXBuildFile section */
		1134BEB31FCB3F9700D8FBBF /* Main.storyboard in Resources */ = {isa = PBXBuildFile; fileRef = 1134BEB21FCB3F9700D8FBBF /* Main.storyboard */; };
		1134BEB51FCB6A1B00D8FBBF /* NewInfosController.swift in Sources */ = {isa = PBXBuildFile; fileRef = 1134BEB41FCB6A1B00D8FBBF /* NewInfosController.swift */; };
		1134BEB71FCB73C400D8FBBF /* EventInfos.swift in Sources */ = {isa = PBXBuildFile; fileRef = 1134BEB61FCB73C400D8FBBF /* EventInfos.swift */; };
		1134BEB91FCB7E0900D8FBBF /* UserInfosController.swift in Sources */ = {isa = PBXBuildFile; fileRef = 1134BEB81FCB7E0900D8FBBF /* UserInfosController.swift */; };
		115B81B71FD4EE4300BDDC3A /* NonAttendance.swift in Sources */ = {isa = PBXBuildFile; fileRef = 115B81B61FD4EE4300BDDC3A /* NonAttendance.swift */; };
		116751511FD8B345007A2E85 /* EditNewController.swift in Sources */ = {isa = PBXBuildFile; fileRef = 116751501FD8B345007A2E85 /* EditNewController.swift */; };
		11A3DF5A1FCBC3E4001187C8 /* AddAttendanceController.swift in Sources */ = {isa = PBXBuildFile; fileRef = 11A3DF591FCBC3E4001187C8 /* AddAttendanceController.swift */; };
		11A3DF5C1FCC00EC001187C8 /* AttendancesController.swift in Sources */ = {isa = PBXBuildFile; fileRef = 11A3DF5B1FCC00EC001187C8 /* AttendancesController.swift */; };
		11A3DF5E1FCC02E9001187C8 /* Attendance.swift in Sources */ = {isa = PBXBuildFile; fileRef = 11A3DF5D1FCC02E9001187C8 /* Attendance.swift */; };
		764455131FC13FDA0070E831 /* NewsController.swift in Sources */ = {isa = PBXBuildFile; fileRef = 764455121FC13FDA0070E831 /* NewsController.swift */; };
		764455151FC140250070E831 /* AddNewController.swift in Sources */ = {isa = PBXBuildFile; fileRef = 764455141FC140250070E831 /* AddNewController.swift */; };
		764455171FC1451A0070E831 /* TeamController.swift in Sources */ = {isa = PBXBuildFile; fileRef = 764455161FC1451A0070E831 /* TeamController.swift */; };
		764455191FC147DD0070E831 /* AddEventController.swift in Sources */ = {isa = PBXBuildFile; fileRef = 764455181FC147DD0070E831 /* AddEventController.swift */; };
		7644551B1FC148830070E831 /* EventsController.swift in Sources */ = {isa = PBXBuildFile; fileRef = 7644551A1FC148830070E831 /* EventsController.swift */; };
		766F15041FC1304700A8197B /* AppDelegate.swift in Sources */ = {isa = PBXBuildFile; fileRef = 766F15031FC1304700A8197B /* AppDelegate.swift */; };
		766F150B1FC1304700A8197B /* Assets.xcassets in Resources */ = {isa = PBXBuildFile; fileRef = 766F150A1FC1304700A8197B /* Assets.xcassets */; };
		766F150E1FC1304700A8197B /* LaunchScreen.storyboard in Resources */ = {isa = PBXBuildFile; fileRef = 766F150C1FC1304700A8197B /* LaunchScreen.storyboard */; };
		766F15191FC1304700A8197B /* tech_portail_mobile_iOSTests.swift in Sources */ = {isa = PBXBuildFile; fileRef = 766F15181FC1304700A8197B /* tech_portail_mobile_iOSTests.swift */; };
		766F15241FC1304700A8197B /* tech_portail_mobile_iOSUITests.swift in Sources */ = {isa = PBXBuildFile; fileRef = 766F15231FC1304700A8197B /* tech_portail_mobile_iOSUITests.swift */; };
		76A365461FC13A3D0091EA54 /* Event.swift in Sources */ = {isa = PBXBuildFile; fileRef = 76A365451FC13A3D0091EA54 /* Event.swift */; };
		76A365481FC13A440091EA54 /* New.swift in Sources */ = {isa = PBXBuildFile; fileRef = 76A365471FC13A440091EA54 /* New.swift */; };
		76A3654C1FC13A600091EA54 /* User.swift in Sources */ = {isa = PBXBuildFile; fileRef = 76A3654B1FC13A600091EA54 /* User.swift */; };
		76A3654E1FC13A9D0091EA54 /* AuthService.swift in Sources */ = {isa = PBXBuildFile; fileRef = 76A3654D1FC13A9D0091EA54 /* AuthService.swift */; };
		76A365501FC13B230091EA54 /* DatabaseService.swift in Sources */ = {isa = PBXBuildFile; fileRef = 76A3654F1FC13B230091EA54 /* DatabaseService.swift */; };
		76BEABF71FC1332C00F39BC1 /* LoginController.swift in Sources */ = {isa = PBXBuildFile; fileRef = 76BEABF61FC1332C00F39BC1 /* LoginController.swift */; };
		76BEABFA1FC1341E00F39BC1 /* TabBarController.swift in Sources */ = {isa = PBXBuildFile; fileRef = 76BEABF91FC1341E00F39BC1 /* TabBarController.swift */; };
		76BEABFC1FC1354D00F39BC1 /* DashboardController.swift in Sources */ = {isa = PBXBuildFile; fileRef = 76BEABFB1FC1354D00F39BC1 /* DashboardController.swift */; };
		76BEABFE1FC1363500F39BC1 /* GoogleService-Info.plist in Resources */ = {isa = PBXBuildFile; fileRef = 76BEABFD1FC1363500F39BC1 /* GoogleService-Info.plist */; };
		96812D231D298E9E8FD7D816 /* Pods_tech_portail_mobile_iOSUITests.framework in Frameworks */ = {isa = PBXBuildFile; fileRef = E04E6A3BBE8D153D55AC5426 /* Pods_tech_portail_mobile_iOSUITests.framework */; };
		DE21BA221C7B91A0E216140E /* Pods_tech_portail_mobile_iOSTests.framework in Frameworks */ = {isa = PBXBuildFile; fileRef = F42140E6428E78B8ACEE99A0 /* Pods_tech_portail_mobile_iOSTests.framework */; };
		E94E8A122515672243EFC9E5 /* Pods_tech_portail_mobile_iOS.framework in Frameworks */ = {isa = PBXBuildFile; fileRef = F32C10D72F1A07AE1957918A /* Pods_tech_portail_mobile_iOS.framework */; };
/* End PBXBuildFile section */

/* Begin PBXContainerItemProxy section */
		766F15151FC1304700A8197B /* PBXContainerItemProxy */ = {
			isa = PBXContainerItemProxy;
			containerPortal = 766F14F81FC1304700A8197B /* Project object */;
			proxyType = 1;
			remoteGlobalIDString = 766F14FF1FC1304700A8197B;
			remoteInfo = "tech-portail-mobile-iOS";
		};
		766F15201FC1304700A8197B /* PBXContainerItemProxy */ = {
			isa = PBXContainerItemProxy;
			containerPortal = 766F14F81FC1304700A8197B /* Project object */;
			proxyType = 1;
			remoteGlobalIDString = 766F14FF1FC1304700A8197B;
			remoteInfo = "tech-portail-mobile-iOS";
		};
/* End PBXContainerItemProxy section */

/* Begin PBXFileReference section */
		0422C232C601DB6FD2B3126E /* Pods-tech-portail-mobile-iOSUITests.release.xcconfig */ = {isa = PBXFileReference; includeInIndex = 1; lastKnownFileType = text.xcconfig; name = "Pods-tech-portail-mobile-iOSUITests.release.xcconfig"; path = "Pods/Target Support Files/Pods-tech-portail-mobile-iOSUITests/Pods-tech-portail-mobile-iOSUITests.release.xcconfig"; sourceTree = "<group>"; };
		1134BEB21FCB3F9700D8FBBF /* Main.storyboard */ = {isa = PBXFileReference; lastKnownFileType = file.storyboard; path = Main.storyboard; sourceTree = "<group>"; };
		1134BEB41FCB6A1B00D8FBBF /* NewInfosController.swift */ = {isa = PBXFileReference; lastKnownFileType = sourcecode.swift; path = NewInfosController.swift; sourceTree = "<group>"; };
		1134BEB61FCB73C400D8FBBF /* EventInfos.swift */ = {isa = PBXFileReference; lastKnownFileType = sourcecode.swift; path = EventInfos.swift; sourceTree = "<group>"; };
		1134BEB81FCB7E0900D8FBBF /* UserInfosController.swift */ = {isa = PBXFileReference; lastKnownFileType = sourcecode.swift; path = UserInfosController.swift; sourceTree = "<group>"; };
		115B81B61FD4EE4300BDDC3A /* NonAttendance.swift */ = {isa = PBXFileReference; lastKnownFileType = sourcecode.swift; path = NonAttendance.swift; sourceTree = "<group>"; };
		116751501FD8B345007A2E85 /* EditNewController.swift */ = {isa = PBXFileReference; lastKnownFileType = sourcecode.swift; path = EditNewController.swift; sourceTree = "<group>"; };
		11A3DF591FCBC3E4001187C8 /* AddAttendanceController.swift */ = {isa = PBXFileReference; lastKnownFileType = sourcecode.swift; path = AddAttendanceController.swift; sourceTree = "<group>"; };
		11A3DF5B1FCC00EC001187C8 /* AttendancesController.swift */ = {isa = PBXFileReference; lastKnownFileType = sourcecode.swift; path = AttendancesController.swift; sourceTree = "<group>"; };
		11A3DF5D1FCC02E9001187C8 /* Attendance.swift */ = {isa = PBXFileReference; lastKnownFileType = sourcecode.swift; path = Attendance.swift; sourceTree = "<group>"; };
		2661BCFCEA204A0AA42AE5CF /* Pods-tech-portail-mobile-iOS.release.xcconfig */ = {isa = PBXFileReference; includeInIndex = 1; lastKnownFileType = text.xcconfig; name = "Pods-tech-portail-mobile-iOS.release.xcconfig"; path = "Pods/Target Support Files/Pods-tech-portail-mobile-iOS/Pods-tech-portail-mobile-iOS.release.xcconfig"; sourceTree = "<group>"; };
		622136DDA3611C3DE029042D /* Pods-tech-portail-mobile-iOSTests.release.xcconfig */ = {isa = PBXFileReference; includeInIndex = 1; lastKnownFileType = text.xcconfig; name = "Pods-tech-portail-mobile-iOSTests.release.xcconfig"; path = "Pods/Target Support Files/Pods-tech-portail-mobile-iOSTests/Pods-tech-portail-mobile-iOSTests.release.xcconfig"; sourceTree = "<group>"; };
		7434BC649BA002BCA480452D /* Pods-tech-portail-mobile-iOSTests.debug.xcconfig */ = {isa = PBXFileReference; includeInIndex = 1; lastKnownFileType = text.xcconfig; name = "Pods-tech-portail-mobile-iOSTests.debug.xcconfig"; path = "Pods/Target Support Files/Pods-tech-portail-mobile-iOSTests/Pods-tech-portail-mobile-iOSTests.debug.xcconfig"; sourceTree = "<group>"; };
		764455121FC13FDA0070E831 /* NewsController.swift */ = {isa = PBXFileReference; lastKnownFileType = sourcecode.swift; path = NewsController.swift; sourceTree = "<group>"; };
		764455141FC140250070E831 /* AddNewController.swift */ = {isa = PBXFileReference; lastKnownFileType = sourcecode.swift; path = AddNewController.swift; sourceTree = "<group>"; };
		764455161FC1451A0070E831 /* TeamController.swift */ = {isa = PBXFileReference; lastKnownFileType = sourcecode.swift; path = TeamController.swift; sourceTree = "<group>"; };
		764455181FC147DD0070E831 /* AddEventController.swift */ = {isa = PBXFileReference; lastKnownFileType = sourcecode.swift; path = AddEventController.swift; sourceTree = "<group>"; };
		7644551A1FC148830070E831 /* EventsController.swift */ = {isa = PBXFileReference; lastKnownFileType = sourcecode.swift; path = EventsController.swift; sourceTree = "<group>"; };
		766F15001FC1304700A8197B /* tech-portail-mobile-iOS.app */ = {isa = PBXFileReference; explicitFileType = wrapper.application; includeInIndex = 0; path = "tech-portail-mobile-iOS.app"; sourceTree = BUILT_PRODUCTS_DIR; };
		766F15031FC1304700A8197B /* AppDelegate.swift */ = {isa = PBXFileReference; lastKnownFileType = sourcecode.swift; path = AppDelegate.swift; sourceTree = "<group>"; };
		766F150A1FC1304700A8197B /* Assets.xcassets */ = {isa = PBXFileReference; lastKnownFileType = folder.assetcatalog; path = Assets.xcassets; sourceTree = "<group>"; };
		766F150D1FC1304700A8197B /* Base */ = {isa = PBXFileReference; lastKnownFileType = file.storyboard; name = Base; path = Base.lproj/LaunchScreen.storyboard; sourceTree = "<group>"; };
		766F150F1FC1304700A8197B /* Info.plist */ = {isa = PBXFileReference; lastKnownFileType = text.plist.xml; path = Info.plist; sourceTree = "<group>"; };
		766F15141FC1304700A8197B /* tech-portail-mobile-iOSTests.xctest */ = {isa = PBXFileReference; explicitFileType = wrapper.cfbundle; includeInIndex = 0; path = "tech-portail-mobile-iOSTests.xctest"; sourceTree = BUILT_PRODUCTS_DIR; };
		766F15181FC1304700A8197B /* tech_portail_mobile_iOSTests.swift */ = {isa = PBXFileReference; lastKnownFileType = sourcecode.swift; path = tech_portail_mobile_iOSTests.swift; sourceTree = "<group>"; };
		766F151A1FC1304700A8197B /* Info.plist */ = {isa = PBXFileReference; lastKnownFileType = text.plist.xml; path = Info.plist; sourceTree = "<group>"; };
		766F151F1FC1304700A8197B /* tech-portail-mobile-iOSUITests.xctest */ = {isa = PBXFileReference; explicitFileType = wrapper.cfbundle; includeInIndex = 0; path = "tech-portail-mobile-iOSUITests.xctest"; sourceTree = BUILT_PRODUCTS_DIR; };
		766F15231FC1304700A8197B /* tech_portail_mobile_iOSUITests.swift */ = {isa = PBXFileReference; lastKnownFileType = sourcecode.swift; path = tech_portail_mobile_iOSUITests.swift; sourceTree = "<group>"; };
		766F15251FC1304700A8197B /* Info.plist */ = {isa = PBXFileReference; lastKnownFileType = text.plist.xml; path = Info.plist; sourceTree = "<group>"; };
		76A365451FC13A3D0091EA54 /* Event.swift */ = {isa = PBXFileReference; lastKnownFileType = sourcecode.swift; path = Event.swift; sourceTree = "<group>"; };
		76A365471FC13A440091EA54 /* New.swift */ = {isa = PBXFileReference; lastKnownFileType = sourcecode.swift; path = New.swift; sourceTree = "<group>"; };
		76A3654B1FC13A600091EA54 /* User.swift */ = {isa = PBXFileReference; lastKnownFileType = sourcecode.swift; path = User.swift; sourceTree = "<group>"; };
		76A3654D1FC13A9D0091EA54 /* AuthService.swift */ = {isa = PBXFileReference; lastKnownFileType = sourcecode.swift; path = AuthService.swift; sourceTree = "<group>"; };
		76A3654F1FC13B230091EA54 /* DatabaseService.swift */ = {isa = PBXFileReference; lastKnownFileType = sourcecode.swift; path = DatabaseService.swift; sourceTree = "<group>"; };
		76BEABF61FC1332C00F39BC1 /* LoginController.swift */ = {isa = PBXFileReference; lastKnownFileType = sourcecode.swift; path = LoginController.swift; sourceTree = "<group>"; };
		76BEABF91FC1341E00F39BC1 /* TabBarController.swift */ = {isa = PBXFileReference; lastKnownFileType = sourcecode.swift; path = TabBarController.swift; sourceTree = "<group>"; };
		76BEABFB1FC1354D00F39BC1 /* DashboardController.swift */ = {isa = PBXFileReference; lastKnownFileType = sourcecode.swift; path = DashboardController.swift; sourceTree = "<group>"; };
		76BEABFD1FC1363500F39BC1 /* GoogleService-Info.plist */ = {isa = PBXFileReference; fileEncoding = 4; lastKnownFileType = text.plist.xml; path = "GoogleService-Info.plist"; sourceTree = "<group>"; };
		8B71B4F6CA28351AE1862E39 /* Pods-tech-portail-mobile-iOS.debug.xcconfig */ = {isa = PBXFileReference; includeInIndex = 1; lastKnownFileType = text.xcconfig; name = "Pods-tech-portail-mobile-iOS.debug.xcconfig"; path = "Pods/Target Support Files/Pods-tech-portail-mobile-iOS/Pods-tech-portail-mobile-iOS.debug.xcconfig"; sourceTree = "<group>"; };
		C5E8926E198145EF7513935B /* Pods-tech-portail-mobile-iOSUITests.debug.xcconfig */ = {isa = PBXFileReference; includeInIndex = 1; lastKnownFileType = text.xcconfig; name = "Pods-tech-portail-mobile-iOSUITests.debug.xcconfig"; path = "Pods/Target Support Files/Pods-tech-portail-mobile-iOSUITests/Pods-tech-portail-mobile-iOSUITests.debug.xcconfig"; sourceTree = "<group>"; };
		E04E6A3BBE8D153D55AC5426 /* Pods_tech_portail_mobile_iOSUITests.framework */ = {isa = PBXFileReference; explicitFileType = wrapper.framework; includeInIndex = 0; path = Pods_tech_portail_mobile_iOSUITests.framework; sourceTree = BUILT_PRODUCTS_DIR; };
		F32C10D72F1A07AE1957918A /* Pods_tech_portail_mobile_iOS.framework */ = {isa = PBXFileReference; explicitFileType = wrapper.framework; includeInIndex = 0; path = Pods_tech_portail_mobile_iOS.framework; sourceTree = BUILT_PRODUCTS_DIR; };
		F42140E6428E78B8ACEE99A0 /* Pods_tech_portail_mobile_iOSTests.framework */ = {isa = PBXFileReference; explicitFileType = wrapper.framework; includeInIndex = 0; path = Pods_tech_portail_mobile_iOSTests.framework; sourceTree = BUILT_PRODUCTS_DIR; };
/* End PBXFileReference section */

/* Begin PBXFrameworksBuildPhase section */
		766F14FD1FC1304700A8197B /* Frameworks */ = {
			isa = PBXFrameworksBuildPhase;
			buildActionMask = 2147483647;
			files = (
				E94E8A122515672243EFC9E5 /* Pods_tech_portail_mobile_iOS.framework in Frameworks */,
			);
			runOnlyForDeploymentPostprocessing = 0;
		};
		766F15111FC1304700A8197B /* Frameworks */ = {
			isa = PBXFrameworksBuildPhase;
			buildActionMask = 2147483647;
			files = (
				DE21BA221C7B91A0E216140E /* Pods_tech_portail_mobile_iOSTests.framework in Frameworks */,
			);
			runOnlyForDeploymentPostprocessing = 0;
		};
		766F151C1FC1304700A8197B /* Frameworks */ = {
			isa = PBXFrameworksBuildPhase;
			buildActionMask = 2147483647;
			files = (
				96812D231D298E9E8FD7D816 /* Pods_tech_portail_mobile_iOSUITests.framework in Frameworks */,
			);
			runOnlyForDeploymentPostprocessing = 0;
		};
/* End PBXFrameworksBuildPhase section */

/* Begin PBXGroup section */
		119A78AA1FC2704600841A4D /* Views */ = {
			isa = PBXGroup;
			children = (
			);
			path = Views;
			sourceTree = "<group>";
		};
		63765B24CDA9361D8920C7CF /* Frameworks */ = {
			isa = PBXGroup;
			children = (
				F32C10D72F1A07AE1957918A /* Pods_tech_portail_mobile_iOS.framework */,
				F42140E6428E78B8ACEE99A0 /* Pods_tech_portail_mobile_iOSTests.framework */,
				E04E6A3BBE8D153D55AC5426 /* Pods_tech_portail_mobile_iOSUITests.framework */,
			);
			name = Frameworks;
			sourceTree = "<group>";
		};
		766F14F71FC1304700A8197B = {
			isa = PBXGroup;
			children = (
				766F15021FC1304700A8197B /* tech-portail-mobile-iOS */,
				766F15171FC1304700A8197B /* tech-portail-mobile-iOSTests */,
				766F15221FC1304700A8197B /* tech-portail-mobile-iOSUITests */,
				766F15011FC1304700A8197B /* Products */,
				99E95E712D1CEA6851CCCA78 /* Pods */,
				63765B24CDA9361D8920C7CF /* Frameworks */,
			);
			sourceTree = "<group>";
		};
		766F15011FC1304700A8197B /* Products */ = {
			isa = PBXGroup;
			children = (
				766F15001FC1304700A8197B /* tech-portail-mobile-iOS.app */,
				766F15141FC1304700A8197B /* tech-portail-mobile-iOSTests.xctest */,
				766F151F1FC1304700A8197B /* tech-portail-mobile-iOSUITests.xctest */,
			);
			name = Products;
			sourceTree = "<group>";
		};
		766F15021FC1304700A8197B /* tech-portail-mobile-iOS */ = {
			isa = PBXGroup;
			children = (
				766F15031FC1304700A8197B /* AppDelegate.swift */,
				76BEABF51FC1330800F39BC1 /* Controllers */,
				119A78AA1FC2704600841A4D /* Views */,
				76BEABF81FC1335500F39BC1 /* Services */,
				76A365441FC13A170091EA54 /* Models */,
				1134BEB21FCB3F9700D8FBBF /* Main.storyboard */,
				766F150A1FC1304700A8197B /* Assets.xcassets */,
				766F150C1FC1304700A8197B /* LaunchScreen.storyboard */,
				76BEABFD1FC1363500F39BC1 /* GoogleService-Info.plist */,
				766F150F1FC1304700A8197B /* Info.plist */,
			);
			path = "tech-portail-mobile-iOS";
			sourceTree = "<group>";
		};
		766F15171FC1304700A8197B /* tech-portail-mobile-iOSTests */ = {
			isa = PBXGroup;
			children = (
				766F15181FC1304700A8197B /* tech_portail_mobile_iOSTests.swift */,
				766F151A1FC1304700A8197B /* Info.plist */,
			);
			path = "tech-portail-mobile-iOSTests";
			sourceTree = "<group>";
		};
		766F15221FC1304700A8197B /* tech-portail-mobile-iOSUITests */ = {
			isa = PBXGroup;
			children = (
				766F15231FC1304700A8197B /* tech_portail_mobile_iOSUITests.swift */,
				766F15251FC1304700A8197B /* Info.plist */,
			);
			path = "tech-portail-mobile-iOSUITests";
			sourceTree = "<group>";
		};
		76A365441FC13A170091EA54 /* Models */ = {
			isa = PBXGroup;
			children = (
				76A365451FC13A3D0091EA54 /* Event.swift */,
				76A365471FC13A440091EA54 /* New.swift */,
				76A3654B1FC13A600091EA54 /* User.swift */,
				11A3DF5D1FCC02E9001187C8 /* Attendance.swift */,
				115B81B61FD4EE4300BDDC3A /* NonAttendance.swift */,
			);
			path = Models;
			sourceTree = "<group>";
		};
		76BEABF51FC1330800F39BC1 /* Controllers */ = {
			isa = PBXGroup;
			children = (
				76BEABF61FC1332C00F39BC1 /* LoginController.swift */,
				76BEABFB1FC1354D00F39BC1 /* DashboardController.swift */,
				764455121FC13FDA0070E831 /* NewsController.swift */,
				1134BEB41FCB6A1B00D8FBBF /* NewInfosController.swift */,
				764455141FC140250070E831 /* AddNewController.swift */,
				116751501FD8B345007A2E85 /* EditNewController.swift */,
				7644551A1FC148830070E831 /* EventsController.swift */,
				1134BEB61FCB73C400D8FBBF /* EventInfos.swift */,
				764455181FC147DD0070E831 /* AddEventController.swift */,
				11A3DF5B1FCC00EC001187C8 /* AttendancesController.swift */,
				11A3DF591FCBC3E4001187C8 /* AddAttendanceController.swift */,
				764455161FC1451A0070E831 /* TeamController.swift */,
				1134BEB81FCB7E0900D8FBBF /* UserInfosController.swift */,
				76BEABF91FC1341E00F39BC1 /* TabBarController.swift */,
			);
			path = Controllers;
			sourceTree = "<group>";
		};
		76BEABF81FC1335500F39BC1 /* Services */ = {
			isa = PBXGroup;
			children = (
				76A3654D1FC13A9D0091EA54 /* AuthService.swift */,
				76A3654F1FC13B230091EA54 /* DatabaseService.swift */,
			);
			path = Services;
			sourceTree = "<group>";
		};
		99E95E712D1CEA6851CCCA78 /* Pods */ = {
			isa = PBXGroup;
			children = (
				8B71B4F6CA28351AE1862E39 /* Pods-tech-portail-mobile-iOS.debug.xcconfig */,
				2661BCFCEA204A0AA42AE5CF /* Pods-tech-portail-mobile-iOS.release.xcconfig */,
				7434BC649BA002BCA480452D /* Pods-tech-portail-mobile-iOSTests.debug.xcconfig */,
				622136DDA3611C3DE029042D /* Pods-tech-portail-mobile-iOSTests.release.xcconfig */,
				C5E8926E198145EF7513935B /* Pods-tech-portail-mobile-iOSUITests.debug.xcconfig */,
				0422C232C601DB6FD2B3126E /* Pods-tech-portail-mobile-iOSUITests.release.xcconfig */,
			);
			name = Pods;
			sourceTree = "<group>";
		};
/* End PBXGroup section */

/* Begin PBXNativeTarget section */
		766F14FF1FC1304700A8197B /* tech-portail-mobile-iOS */ = {
			isa = PBXNativeTarget;
			buildConfigurationList = 766F15281FC1304700A8197B /* Build configuration list for PBXNativeTarget "tech-portail-mobile-iOS" */;
			buildPhases = (
				ACED1A4CAF1CE647335FD149 /* [CP] Check Pods Manifest.lock */,
				766F14FC1FC1304700A8197B /* Sources */,
				766F14FD1FC1304700A8197B /* Frameworks */,
				766F14FE1FC1304700A8197B /* Resources */,
				7337EADB044742EE58F3DAF5 /* [CP] Embed Pods Frameworks */,
				460B98B8FA77C5A5C9FD78BD /* [CP] Copy Pods Resources */,
				11A073E41FCAA2370062AB65 /* Upload symbols to Crash Report */,
			);
			buildRules = (
			);
			dependencies = (
			);
			name = "tech-portail-mobile-iOS";
			productName = "tech-portail-mobile-iOS";
			productReference = 766F15001FC1304700A8197B /* tech-portail-mobile-iOS.app */;
			productType = "com.apple.product-type.application";
		};
		766F15131FC1304700A8197B /* tech-portail-mobile-iOSTests */ = {
			isa = PBXNativeTarget;
			buildConfigurationList = 766F152B1FC1304700A8197B /* Build configuration list for PBXNativeTarget "tech-portail-mobile-iOSTests" */;
			buildPhases = (
				6D995A27A46C803E40E5AF58 /* [CP] Check Pods Manifest.lock */,
				766F15101FC1304700A8197B /* Sources */,
				766F15111FC1304700A8197B /* Frameworks */,
				766F15121FC1304700A8197B /* Resources */,
				C631316D8A65A72B1C983B16 /* [CP] Embed Pods Frameworks */,
				B4A765EC60C5C2D373037E58 /* [CP] Copy Pods Resources */,
			);
			buildRules = (
			);
			dependencies = (
				766F15161FC1304700A8197B /* PBXTargetDependency */,
			);
			name = "tech-portail-mobile-iOSTests";
			productName = "tech-portail-mobile-iOSTests";
			productReference = 766F15141FC1304700A8197B /* tech-portail-mobile-iOSTests.xctest */;
			productType = "com.apple.product-type.bundle.unit-test";
		};
		766F151E1FC1304700A8197B /* tech-portail-mobile-iOSUITests */ = {
			isa = PBXNativeTarget;
			buildConfigurationList = 766F152E1FC1304700A8197B /* Build configuration list for PBXNativeTarget "tech-portail-mobile-iOSUITests" */;
			buildPhases = (
				9940DB0B6848F6B12139CCAB /* [CP] Check Pods Manifest.lock */,
				766F151B1FC1304700A8197B /* Sources */,
				766F151C1FC1304700A8197B /* Frameworks */,
				766F151D1FC1304700A8197B /* Resources */,
				E9F50C78D7EC97C2BAD3187F /* [CP] Embed Pods Frameworks */,
				CFF449F24C9C214AC814AF77 /* [CP] Copy Pods Resources */,
			);
			buildRules = (
			);
			dependencies = (
				766F15211FC1304700A8197B /* PBXTargetDependency */,
			);
			name = "tech-portail-mobile-iOSUITests";
			productName = "tech-portail-mobile-iOSUITests";
			productReference = 766F151F1FC1304700A8197B /* tech-portail-mobile-iOSUITests.xctest */;
			productType = "com.apple.product-type.bundle.ui-testing";
		};
/* End PBXNativeTarget section */

/* Begin PBXProject section */
		766F14F81FC1304700A8197B /* Project object */ = {
			isa = PBXProject;
			attributes = {
				LastSwiftUpdateCheck = 0910;
				LastUpgradeCheck = 0910;
				ORGANIZATIONNAME = "Équipe Team 3990 : Tech For Kids";
				TargetAttributes = {
					766F14FF1FC1304700A8197B = {
						CreatedOnToolsVersion = 9.1;
						ProvisioningStyle = Automatic;
					};
					766F15131FC1304700A8197B = {
						CreatedOnToolsVersion = 9.1;
						ProvisioningStyle = Automatic;
						TestTargetID = 766F14FF1FC1304700A8197B;
					};
					766F151E1FC1304700A8197B = {
						CreatedOnToolsVersion = 9.1;
						ProvisioningStyle = Automatic;
						TestTargetID = 766F14FF1FC1304700A8197B;
					};
				};
			};
			buildConfigurationList = 766F14FB1FC1304700A8197B /* Build configuration list for PBXProject "tech-portail-mobile-iOS" */;
			compatibilityVersion = "Xcode 8.0";
			developmentRegion = en;
			hasScannedForEncodings = 0;
			knownRegions = (
				en,
				Base,
			);
			mainGroup = 766F14F71FC1304700A8197B;
			productRefGroup = 766F15011FC1304700A8197B /* Products */;
			projectDirPath = "";
			projectRoot = "";
			targets = (
				766F14FF1FC1304700A8197B /* tech-portail-mobile-iOS */,
				766F15131FC1304700A8197B /* tech-portail-mobile-iOSTests */,
				766F151E1FC1304700A8197B /* tech-portail-mobile-iOSUITests */,
			);
		};
/* End PBXProject section */

/* Begin PBXResourcesBuildPhase section */
		766F14FE1FC1304700A8197B /* Resources */ = {
			isa = PBXResourcesBuildPhase;
			buildActionMask = 2147483647;
			files = (
				766F150E1FC1304700A8197B /* LaunchScreen.storyboard in Resources */,
				766F150B1FC1304700A8197B /* Assets.xcassets in Resources */,
				76BEABFE1FC1363500F39BC1 /* GoogleService-Info.plist in Resources */,
				1134BEB31FCB3F9700D8FBBF /* Main.storyboard in Resources */,
			);
			runOnlyForDeploymentPostprocessing = 0;
		};
		766F15121FC1304700A8197B /* Resources */ = {
			isa = PBXResourcesBuildPhase;
			buildActionMask = 2147483647;
			files = (
			);
			runOnlyForDeploymentPostprocessing = 0;
		};
		766F151D1FC1304700A8197B /* Resources */ = {
			isa = PBXResourcesBuildPhase;
			buildActionMask = 2147483647;
			files = (
			);
			runOnlyForDeploymentPostprocessing = 0;
		};
/* End PBXResourcesBuildPhase section */

/* Begin PBXShellScriptBuildPhase section */
		11A073E41FCAA2370062AB65 /* Upload symbols to Crash Report */ = {
			isa = PBXShellScriptBuildPhase;
			buildActionMask = 2147483647;
			files = (
			);
			inputPaths = (
			);
			name = "Upload symbols to Crash Report";
			outputPaths = (
			);
			runOnlyForDeploymentPostprocessing = 0;
			shellPath = /bin/sh;
			shellScript = "GOOGLE_APP_ID=1:503625371219:ios:e357ca46ff125996\n\n\"${PODS_ROOT}\"/FirebaseCrash/upload-sym \"${PROJECT_DIR}/Keys/tech-portail-production-firebase-crashreporting-vgple-55f410e92b.json\"";
		};
		460B98B8FA77C5A5C9FD78BD /* [CP] Copy Pods Resources */ = {
			isa = PBXShellScriptBuildPhase;
			buildActionMask = 2147483647;
			files = (
			);
			inputPaths = (
			);
			name = "[CP] Copy Pods Resources";
			outputPaths = (
			);
			runOnlyForDeploymentPostprocessing = 0;
			shellPath = /bin/sh;
			shellScript = "\"${SRCROOT}/Pods/Target Support Files/Pods-tech-portail-mobile-iOS/Pods-tech-portail-mobile-iOS-resources.sh\"\n";
			showEnvVarsInLog = 0;
		};
		6D995A27A46C803E40E5AF58 /* [CP] Check Pods Manifest.lock */ = {
			isa = PBXShellScriptBuildPhase;
			buildActionMask = 2147483647;
			files = (
			);
			inputPaths = (
				"${PODS_PODFILE_DIR_PATH}/Podfile.lock",
				"${PODS_ROOT}/Manifest.lock",
			);
			name = "[CP] Check Pods Manifest.lock";
			outputPaths = (
				"$(DERIVED_FILE_DIR)/Pods-tech-portail-mobile-iOSTests-checkManifestLockResult.txt",
			);
			runOnlyForDeploymentPostprocessing = 0;
			shellPath = /bin/sh;
			shellScript = "diff \"${PODS_PODFILE_DIR_PATH}/Podfile.lock\" \"${PODS_ROOT}/Manifest.lock\" > /dev/null\nif [ $? != 0 ] ; then\n    # print error to STDERR\n    echo \"error: The sandbox is not in sync with the Podfile.lock. Run 'pod install' or update your CocoaPods installation.\" >&2\n    exit 1\nfi\n# This output is used by Xcode 'outputs' to avoid re-running this script phase.\necho \"SUCCESS\" > \"${SCRIPT_OUTPUT_FILE_0}\"\n";
			showEnvVarsInLog = 0;
		};
		7337EADB044742EE58F3DAF5 /* [CP] Embed Pods Frameworks */ = {
			isa = PBXShellScriptBuildPhase;
			buildActionMask = 2147483647;
			files = (
			);
			inputPaths = (
				"${SRCROOT}/Pods/Target Support Files/Pods-tech-portail-mobile-iOS/Pods-tech-portail-mobile-iOS-frameworks.sh",
				"${BUILT_PRODUCTS_DIR}/BoringSSL/openssl.framework",
				"${BUILT_PRODUCTS_DIR}/Eureka/Eureka.framework",
				"${BUILT_PRODUCTS_DIR}/GTMSessionFetcher/GTMSessionFetcher.framework",
				"${BUILT_PRODUCTS_DIR}/GoogleToolboxForMac/GoogleToolboxForMac.framework",
				"${BUILT_PRODUCTS_DIR}/Neon/Neon.framework",
				"${BUILT_PRODUCTS_DIR}/Protobuf/Protobuf.framework",
				"${BUILT_PRODUCTS_DIR}/gRPC/GRPCClient.framework",
				"${BUILT_PRODUCTS_DIR}/gRPC-Core/grpc.framework",
				"${BUILT_PRODUCTS_DIR}/gRPC-ProtoRPC/ProtoRPC.framework",
				"${BUILT_PRODUCTS_DIR}/gRPC-RxLibrary/RxLibrary.framework",
				"${BUILT_PRODUCTS_DIR}/leveldb-library/leveldb.framework",
				"${BUILT_PRODUCTS_DIR}/nanopb/nanopb.framework",
			);
			name = "[CP] Embed Pods Frameworks";
			outputPaths = (
				"${TARGET_BUILD_DIR}/${FRAMEWORKS_FOLDER_PATH}/openssl.framework",
				"${TARGET_BUILD_DIR}/${FRAMEWORKS_FOLDER_PATH}/Eureka.framework",
				"${TARGET_BUILD_DIR}/${FRAMEWORKS_FOLDER_PATH}/GTMSessionFetcher.framework",
				"${TARGET_BUILD_DIR}/${FRAMEWORKS_FOLDER_PATH}/GoogleToolboxForMac.framework",
				"${TARGET_BUILD_DIR}/${FRAMEWORKS_FOLDER_PATH}/Neon.framework",
				"${TARGET_BUILD_DIR}/${FRAMEWORKS_FOLDER_PATH}/Protobuf.framework",
				"${TARGET_BUILD_DIR}/${FRAMEWORKS_FOLDER_PATH}/GRPCClient.framework",
				"${TARGET_BUILD_DIR}/${FRAMEWORKS_FOLDER_PATH}/grpc.framework",
				"${TARGET_BUILD_DIR}/${FRAMEWORKS_FOLDER_PATH}/ProtoRPC.framework",
				"${TARGET_BUILD_DIR}/${FRAMEWORKS_FOLDER_PATH}/RxLibrary.framework",
				"${TARGET_BUILD_DIR}/${FRAMEWORKS_FOLDER_PATH}/leveldb.framework",
				"${TARGET_BUILD_DIR}/${FRAMEWORKS_FOLDER_PATH}/nanopb.framework",
			);
			runOnlyForDeploymentPostprocessing = 0;
			shellPath = /bin/sh;
			shellScript = "\"${SRCROOT}/Pods/Target Support Files/Pods-tech-portail-mobile-iOS/Pods-tech-portail-mobile-iOS-frameworks.sh\"\n";
			showEnvVarsInLog = 0;
		};
		9940DB0B6848F6B12139CCAB /* [CP] Check Pods Manifest.lock */ = {
			isa = PBXShellScriptBuildPhase;
			buildActionMask = 2147483647;
			files = (
			);
			inputPaths = (
				"${PODS_PODFILE_DIR_PATH}/Podfile.lock",
				"${PODS_ROOT}/Manifest.lock",
			);
			name = "[CP] Check Pods Manifest.lock";
			outputPaths = (
				"$(DERIVED_FILE_DIR)/Pods-tech-portail-mobile-iOSUITests-checkManifestLockResult.txt",
			);
			runOnlyForDeploymentPostprocessing = 0;
			shellPath = /bin/sh;
			shellScript = "diff \"${PODS_PODFILE_DIR_PATH}/Podfile.lock\" \"${PODS_ROOT}/Manifest.lock\" > /dev/null\nif [ $? != 0 ] ; then\n    # print error to STDERR\n    echo \"error: The sandbox is not in sync with the Podfile.lock. Run 'pod install' or update your CocoaPods installation.\" >&2\n    exit 1\nfi\n# This output is used by Xcode 'outputs' to avoid re-running this script phase.\necho \"SUCCESS\" > \"${SCRIPT_OUTPUT_FILE_0}\"\n";
			showEnvVarsInLog = 0;
		};
		ACED1A4CAF1CE647335FD149 /* [CP] Check Pods Manifest.lock */ = {
			isa = PBXShellScriptBuildPhase;
			buildActionMask = 2147483647;
			files = (
			);
			inputPaths = (
				"${PODS_PODFILE_DIR_PATH}/Podfile.lock",
				"${PODS_ROOT}/Manifest.lock",
			);
			name = "[CP] Check Pods Manifest.lock";
			outputPaths = (
				"$(DERIVED_FILE_DIR)/Pods-tech-portail-mobile-iOS-checkManifestLockResult.txt",
			);
			runOnlyForDeploymentPostprocessing = 0;
			shellPath = /bin/sh;
			shellScript = "diff \"${PODS_PODFILE_DIR_PATH}/Podfile.lock\" \"${PODS_ROOT}/Manifest.lock\" > /dev/null\nif [ $? != 0 ] ; then\n    # print error to STDERR\n    echo \"error: The sandbox is not in sync with the Podfile.lock. Run 'pod install' or update your CocoaPods installation.\" >&2\n    exit 1\nfi\n# This output is used by Xcode 'outputs' to avoid re-running this script phase.\necho \"SUCCESS\" > \"${SCRIPT_OUTPUT_FILE_0}\"\n";
			showEnvVarsInLog = 0;
		};
		B4A765EC60C5C2D373037E58 /* [CP] Copy Pods Resources */ = {
			isa = PBXShellScriptBuildPhase;
			buildActionMask = 2147483647;
			files = (
			);
			inputPaths = (
			);
			name = "[CP] Copy Pods Resources";
			outputPaths = (
			);
			runOnlyForDeploymentPostprocessing = 0;
			shellPath = /bin/sh;
			shellScript = "\"${SRCROOT}/Pods/Target Support Files/Pods-tech-portail-mobile-iOSTests/Pods-tech-portail-mobile-iOSTests-resources.sh\"\n";
			showEnvVarsInLog = 0;
		};
		C631316D8A65A72B1C983B16 /* [CP] Embed Pods Frameworks */ = {
			isa = PBXShellScriptBuildPhase;
			buildActionMask = 2147483647;
			files = (
			);
			inputPaths = (
			);
			name = "[CP] Embed Pods Frameworks";
			outputPaths = (
			);
			runOnlyForDeploymentPostprocessing = 0;
			shellPath = /bin/sh;
			shellScript = "\"${SRCROOT}/Pods/Target Support Files/Pods-tech-portail-mobile-iOSTests/Pods-tech-portail-mobile-iOSTests-frameworks.sh\"\n";
			showEnvVarsInLog = 0;
		};
		CFF449F24C9C214AC814AF77 /* [CP] Copy Pods Resources */ = {
			isa = PBXShellScriptBuildPhase;
			buildActionMask = 2147483647;
			files = (
			);
			inputPaths = (
			);
			name = "[CP] Copy Pods Resources";
			outputPaths = (
			);
			runOnlyForDeploymentPostprocessing = 0;
			shellPath = /bin/sh;
			shellScript = "\"${SRCROOT}/Pods/Target Support Files/Pods-tech-portail-mobile-iOSUITests/Pods-tech-portail-mobile-iOSUITests-resources.sh\"\n";
			showEnvVarsInLog = 0;
		};
		E9F50C78D7EC97C2BAD3187F /* [CP] Embed Pods Frameworks */ = {
			isa = PBXShellScriptBuildPhase;
			buildActionMask = 2147483647;
			files = (
			);
			inputPaths = (
			);
			name = "[CP] Embed Pods Frameworks";
			outputPaths = (
			);
			runOnlyForDeploymentPostprocessing = 0;
			shellPath = /bin/sh;
			shellScript = "\"${SRCROOT}/Pods/Target Support Files/Pods-tech-portail-mobile-iOSUITests/Pods-tech-portail-mobile-iOSUITests-frameworks.sh\"\n";
			showEnvVarsInLog = 0;
		};
/* End PBXShellScriptBuildPhase section */

/* Begin PBXSourcesBuildPhase section */
		766F14FC1FC1304700A8197B /* Sources */ = {
			isa = PBXSourcesBuildPhase;
			buildActionMask = 2147483647;
			files = (
				764455151FC140250070E831 /* AddNewController.swift in Sources */,
				76BEABF71FC1332C00F39BC1 /* LoginController.swift in Sources */,
				76BEABFA1FC1341E00F39BC1 /* TabBarController.swift in Sources */,
				1134BEB51FCB6A1B00D8FBBF /* NewInfosController.swift in Sources */,
				76A3654E1FC13A9D0091EA54 /* AuthService.swift in Sources */,
				11A3DF5C1FCC00EC001187C8 /* AttendancesController.swift in Sources */,
				76BEABFC1FC1354D00F39BC1 /* DashboardController.swift in Sources */,
				76A3654C1FC13A600091EA54 /* User.swift in Sources */,
				76A365501FC13B230091EA54 /* DatabaseService.swift in Sources */,
				1134BEB91FCB7E0900D8FBBF /* UserInfosController.swift in Sources */,
				766F15041FC1304700A8197B /* AppDelegate.swift in Sources */,
				764455171FC1451A0070E831 /* TeamController.swift in Sources */,
				76A365481FC13A440091EA54 /* New.swift in Sources */,
				11A3DF5A1FCBC3E4001187C8 /* AddAttendanceController.swift in Sources */,
				11A3DF5E1FCC02E9001187C8 /* Attendance.swift in Sources */,
				115B81B71FD4EE4300BDDC3A /* NonAttendance.swift in Sources */,
				76A365461FC13A3D0091EA54 /* Event.swift in Sources */,
				1134BEB71FCB73C400D8FBBF /* EventInfos.swift in Sources */,
				764455131FC13FDA0070E831 /* NewsController.swift in Sources */,
				7644551B1FC148830070E831 /* EventsController.swift in Sources */,
				116751511FD8B345007A2E85 /* EditNewController.swift in Sources */,
				764455191FC147DD0070E831 /* AddEventController.swift in Sources */,
			);
			runOnlyForDeploymentPostprocessing = 0;
		};
		766F15101FC1304700A8197B /* Sources */ = {
			isa = PBXSourcesBuildPhase;
			buildActionMask = 2147483647;
			files = (
				766F15191FC1304700A8197B /* tech_portail_mobile_iOSTests.swift in Sources */,
			);
			runOnlyForDeploymentPostprocessing = 0;
		};
		766F151B1FC1304700A8197B /* Sources */ = {
			isa = PBXSourcesBuildPhase;
			buildActionMask = 2147483647;
			files = (
				766F15241FC1304700A8197B /* tech_portail_mobile_iOSUITests.swift in Sources */,
			);
			runOnlyForDeploymentPostprocessing = 0;
		};
/* End PBXSourcesBuildPhase section */

/* Begin PBXTargetDependency section */
		766F15161FC1304700A8197B /* PBXTargetDependency */ = {
			isa = PBXTargetDependency;
			target = 766F14FF1FC1304700A8197B /* tech-portail-mobile-iOS */;
			targetProxy = 766F15151FC1304700A8197B /* PBXContainerItemProxy */;
		};
		766F15211FC1304700A8197B /* PBXTargetDependency */ = {
			isa = PBXTargetDependency;
			target = 766F14FF1FC1304700A8197B /* tech-portail-mobile-iOS */;
			targetProxy = 766F15201FC1304700A8197B /* PBXContainerItemProxy */;
		};
/* End PBXTargetDependency section */

/* Begin PBXVariantGroup section */
		766F150C1FC1304700A8197B /* LaunchScreen.storyboard */ = {
			isa = PBXVariantGroup;
			children = (
				766F150D1FC1304700A8197B /* Base */,
			);
			name = LaunchScreen.storyboard;
			sourceTree = "<group>";
		};
/* End PBXVariantGroup section */

/* Begin XCBuildConfiguration section */
		766F15261FC1304700A8197B /* Debug */ = {
			isa = XCBuildConfiguration;
			buildSettings = {
				ALWAYS_SEARCH_USER_PATHS = NO;
				CLANG_ANALYZER_NONNULL = YES;
				CLANG_ANALYZER_NUMBER_OBJECT_CONVERSION = YES_AGGRESSIVE;
				CLANG_CXX_LANGUAGE_STANDARD = "gnu++14";
				CLANG_CXX_LIBRARY = "libc++";
				CLANG_ENABLE_MODULES = YES;
				CLANG_ENABLE_OBJC_ARC = YES;
				CLANG_WARN_BLOCK_CAPTURE_AUTORELEASING = YES;
				CLANG_WARN_BOOL_CONVERSION = YES;
				CLANG_WARN_COMMA = YES;
				CLANG_WARN_CONSTANT_CONVERSION = YES;
				CLANG_WARN_DIRECT_OBJC_ISA_USAGE = YES_ERROR;
				CLANG_WARN_DOCUMENTATION_COMMENTS = YES;
				CLANG_WARN_EMPTY_BODY = YES;
				CLANG_WARN_ENUM_CONVERSION = YES;
				CLANG_WARN_INFINITE_RECURSION = YES;
				CLANG_WARN_INT_CONVERSION = YES;
				CLANG_WARN_NON_LITERAL_NULL_CONVERSION = YES;
				CLANG_WARN_OBJC_LITERAL_CONVERSION = YES;
				CLANG_WARN_OBJC_ROOT_CLASS = YES_ERROR;
				CLANG_WARN_RANGE_LOOP_ANALYSIS = YES;
				CLANG_WARN_STRICT_PROTOTYPES = YES;
				CLANG_WARN_SUSPICIOUS_MOVE = YES;
				CLANG_WARN_UNGUARDED_AVAILABILITY = YES_AGGRESSIVE;
				CLANG_WARN_UNREACHABLE_CODE = YES;
				CLANG_WARN__DUPLICATE_METHOD_MATCH = YES;
				CODE_SIGN_IDENTITY = "iPhone Developer";
				COPY_PHASE_STRIP = NO;
				DEBUG_INFORMATION_FORMAT = dwarf;
				ENABLE_STRICT_OBJC_MSGSEND = YES;
				ENABLE_TESTABILITY = YES;
				GCC_C_LANGUAGE_STANDARD = gnu11;
				GCC_DYNAMIC_NO_PIC = NO;
				GCC_NO_COMMON_BLOCKS = YES;
				GCC_OPTIMIZATION_LEVEL = 0;
				GCC_PREPROCESSOR_DEFINITIONS = (
					"DEBUG=1",
					"$(inherited)",
				);
				GCC_WARN_64_TO_32_BIT_CONVERSION = YES;
				GCC_WARN_ABOUT_RETURN_TYPE = YES_ERROR;
				GCC_WARN_UNDECLARED_SELECTOR = YES;
				GCC_WARN_UNINITIALIZED_AUTOS = YES_AGGRESSIVE;
				GCC_WARN_UNUSED_FUNCTION = YES;
				GCC_WARN_UNUSED_VARIABLE = YES;
				IPHONEOS_DEPLOYMENT_TARGET = 11.1;
				MTL_ENABLE_DEBUG_INFO = YES;
				ONLY_ACTIVE_ARCH = YES;
				SDKROOT = iphoneos;
				SWIFT_ACTIVE_COMPILATION_CONDITIONS = DEBUG;
				SWIFT_OPTIMIZATION_LEVEL = "-Onone";
			};
			name = Debug;
		};
		766F15271FC1304700A8197B /* Release */ = {
			isa = XCBuildConfiguration;
			buildSettings = {
				ALWAYS_SEARCH_USER_PATHS = NO;
				CLANG_ANALYZER_NONNULL = YES;
				CLANG_ANALYZER_NUMBER_OBJECT_CONVERSION = YES_AGGRESSIVE;
				CLANG_CXX_LANGUAGE_STANDARD = "gnu++14";
				CLANG_CXX_LIBRARY = "libc++";
				CLANG_ENABLE_MODULES = YES;
				CLANG_ENABLE_OBJC_ARC = YES;
				CLANG_WARN_BLOCK_CAPTURE_AUTORELEASING = YES;
				CLANG_WARN_BOOL_CONVERSION = YES;
				CLANG_WARN_COMMA = YES;
				CLANG_WARN_CONSTANT_CONVERSION = YES;
				CLANG_WARN_DIRECT_OBJC_ISA_USAGE = YES_ERROR;
				CLANG_WARN_DOCUMENTATION_COMMENTS = YES;
				CLANG_WARN_EMPTY_BODY = YES;
				CLANG_WARN_ENUM_CONVERSION = YES;
				CLANG_WARN_INFINITE_RECURSION = YES;
				CLANG_WARN_INT_CONVERSION = YES;
				CLANG_WARN_NON_LITERAL_NULL_CONVERSION = YES;
				CLANG_WARN_OBJC_LITERAL_CONVERSION = YES;
				CLANG_WARN_OBJC_ROOT_CLASS = YES_ERROR;
				CLANG_WARN_RANGE_LOOP_ANALYSIS = YES;
				CLANG_WARN_STRICT_PROTOTYPES = YES;
				CLANG_WARN_SUSPICIOUS_MOVE = YES;
				CLANG_WARN_UNGUARDED_AVAILABILITY = YES_AGGRESSIVE;
				CLANG_WARN_UNREACHABLE_CODE = YES;
				CLANG_WARN__DUPLICATE_METHOD_MATCH = YES;
				CODE_SIGN_IDENTITY = "iPhone Developer";
				COPY_PHASE_STRIP = NO;
				DEBUG_INFORMATION_FORMAT = "dwarf-with-dsym";
				ENABLE_NS_ASSERTIONS = NO;
				ENABLE_STRICT_OBJC_MSGSEND = YES;
				GCC_C_LANGUAGE_STANDARD = gnu11;
				GCC_NO_COMMON_BLOCKS = YES;
				GCC_WARN_64_TO_32_BIT_CONVERSION = YES;
				GCC_WARN_ABOUT_RETURN_TYPE = YES_ERROR;
				GCC_WARN_UNDECLARED_SELECTOR = YES;
				GCC_WARN_UNINITIALIZED_AUTOS = YES_AGGRESSIVE;
				GCC_WARN_UNUSED_FUNCTION = YES;
				GCC_WARN_UNUSED_VARIABLE = YES;
				IPHONEOS_DEPLOYMENT_TARGET = 11.1;
				MTL_ENABLE_DEBUG_INFO = NO;
				SDKROOT = iphoneos;
				SWIFT_OPTIMIZATION_LEVEL = "-Owholemodule";
				VALIDATE_PRODUCT = YES;
			};
			name = Release;
		};
		766F15291FC1304700A8197B /* Debug */ = {
			isa = XCBuildConfiguration;
			baseConfigurationReference = 8B71B4F6CA28351AE1862E39 /* Pods-tech-portail-mobile-iOS.debug.xcconfig */;
			buildSettings = {
				ASSETCATALOG_COMPILER_APPICON_NAME = AppIcon;
				CODE_SIGN_STYLE = Automatic;
				DEVELOPMENT_TEAM = AS7FHN2WK6;
				INFOPLIST_FILE = "tech-portail-mobile-iOS/Info.plist";
				LD_RUNPATH_SEARCH_PATHS = "$(inherited) @executable_path/Frameworks";
				PRODUCT_BUNDLE_IDENTIFIER = com.team3990.techportail;
				PRODUCT_NAME = "$(TARGET_NAME)";
				SWIFT_VERSION = 4.0;
				TARGETED_DEVICE_FAMILY = "1,2";
			};
			name = Debug;
		};
		766F152A1FC1304700A8197B /* Release */ = {
			isa = XCBuildConfiguration;
			baseConfigurationReference = 2661BCFCEA204A0AA42AE5CF /* Pods-tech-portail-mobile-iOS.release.xcconfig */;
			buildSettings = {
				ASSETCATALOG_COMPILER_APPICON_NAME = AppIcon;
				CODE_SIGN_STYLE = Automatic;
				DEVELOPMENT_TEAM = AS7FHN2WK6;
				INFOPLIST_FILE = "tech-portail-mobile-iOS/Info.plist";
				LD_RUNPATH_SEARCH_PATHS = "$(inherited) @executable_path/Frameworks";
				PRODUCT_BUNDLE_IDENTIFIER = com.team3990.techportail;
				PRODUCT_NAME = "$(TARGET_NAME)";
				SWIFT_VERSION = 4.0;
				TARGETED_DEVICE_FAMILY = "1,2";
			};
			name = Release;
		};
		766F152C1FC1304700A8197B /* Debug */ = {
			isa = XCBuildConfiguration;
			baseConfigurationReference = 7434BC649BA002BCA480452D /* Pods-tech-portail-mobile-iOSTests.debug.xcconfig */;
			buildSettings = {
				ALWAYS_EMBED_SWIFT_STANDARD_LIBRARIES = YES;
				BUNDLE_LOADER = "$(TEST_HOST)";
				CODE_SIGN_STYLE = Automatic;
				INFOPLIST_FILE = "tech-portail-mobile-iOSTests/Info.plist";
				LD_RUNPATH_SEARCH_PATHS = "$(inherited) @executable_path/Frameworks @loader_path/Frameworks";
				PRODUCT_BUNDLE_IDENTIFIER = "com.team3990.tech-portail-mobile-iOSTests";
				PRODUCT_NAME = "$(TARGET_NAME)";
				SWIFT_VERSION = 4.0;
				TARGETED_DEVICE_FAMILY = "1,2";
				TEST_HOST = "$(BUILT_PRODUCTS_DIR)/tech-portail-mobile-iOS.app/tech-portail-mobile-iOS";
			};
			name = Debug;
		};
		766F152D1FC1304700A8197B /* Release */ = {
			isa = XCBuildConfiguration;
			baseConfigurationReference = 622136DDA3611C3DE029042D /* Pods-tech-portail-mobile-iOSTests.release.xcconfig */;
			buildSettings = {
				ALWAYS_EMBED_SWIFT_STANDARD_LIBRARIES = YES;
				BUNDLE_LOADER = "$(TEST_HOST)";
				CODE_SIGN_STYLE = Automatic;
				INFOPLIST_FILE = "tech-portail-mobile-iOSTests/Info.plist";
				LD_RUNPATH_SEARCH_PATHS = "$(inherited) @executable_path/Frameworks @loader_path/Frameworks";
				PRODUCT_BUNDLE_IDENTIFIER = "com.team3990.tech-portail-mobile-iOSTests";
				PRODUCT_NAME = "$(TARGET_NAME)";
				SWIFT_VERSION = 4.0;
				TARGETED_DEVICE_FAMILY = "1,2";
				TEST_HOST = "$(BUILT_PRODUCTS_DIR)/tech-portail-mobile-iOS.app/tech-portail-mobile-iOS";
			};
			name = Release;
		};
		766F152F1FC1304700A8197B /* Debug */ = {
			isa = XCBuildConfiguration;
			baseConfigurationReference = C5E8926E198145EF7513935B /* Pods-tech-portail-mobile-iOSUITests.debug.xcconfig */;
			buildSettings = {
				ALWAYS_EMBED_SWIFT_STANDARD_LIBRARIES = YES;
				CODE_SIGN_STYLE = Automatic;
				INFOPLIST_FILE = "tech-portail-mobile-iOSUITests/Info.plist";
				LD_RUNPATH_SEARCH_PATHS = "$(inherited) @executable_path/Frameworks @loader_path/Frameworks";
				PRODUCT_BUNDLE_IDENTIFIER = "com.team3990.tech-portail-mobile-iOSUITests";
				PRODUCT_NAME = "$(TARGET_NAME)";
				SWIFT_VERSION = 4.0;
				TARGETED_DEVICE_FAMILY = "1,2";
				TEST_TARGET_NAME = "tech-portail-mobile-iOS";
			};
			name = Debug;
		};
		766F15301FC1304700A8197B /* Release */ = {
			isa = XCBuildConfiguration;
			baseConfigurationReference = 0422C232C601DB6FD2B3126E /* Pods-tech-portail-mobile-iOSUITests.release.xcconfig */;
			buildSettings = {
				ALWAYS_EMBED_SWIFT_STANDARD_LIBRARIES = YES;
				CODE_SIGN_STYLE = Automatic;
				INFOPLIST_FILE = "tech-portail-mobile-iOSUITests/Info.plist";
				LD_RUNPATH_SEARCH_PATHS = "$(inherited) @executable_path/Frameworks @loader_path/Frameworks";
				PRODUCT_BUNDLE_IDENTIFIER = "com.team3990.tech-portail-mobile-iOSUITests";
				PRODUCT_NAME = "$(TARGET_NAME)";
				SWIFT_VERSION = 4.0;
				TARGETED_DEVICE_FAMILY = "1,2";
				TEST_TARGET_NAME = "tech-portail-mobile-iOS";
			};
			name = Release;
		};
/* End XCBuildConfiguration section */

/* Begin XCConfigurationList section */
		766F14FB1FC1304700A8197B /* Build configuration list for PBXProject "tech-portail-mobile-iOS" */ = {
			isa = XCConfigurationList;
			buildConfigurations = (
				766F15261FC1304700A8197B /* Debug */,
				766F15271FC1304700A8197B /* Release */,
			);
			defaultConfigurationIsVisible = 0;
			defaultConfigurationName = Release;
		};
		766F15281FC1304700A8197B /* Build configuration list for PBXNativeTarget "tech-portail-mobile-iOS" */ = {
			isa = XCConfigurationList;
			buildConfigurations = (
				766F15291FC1304700A8197B /* Debug */,
				766F152A1FC1304700A8197B /* Release */,
			);
			defaultConfigurationIsVisible = 0;
			defaultConfigurationName = Release;
		};
		766F152B1FC1304700A8197B /* Build configuration list for PBXNativeTarget "tech-portail-mobile-iOSTests" */ = {
			isa = XCConfigurationList;
			buildConfigurations = (
				766F152C1FC1304700A8197B /* Debug */,
				766F152D1FC1304700A8197B /* Release */,
			);
			defaultConfigurationIsVisible = 0;
			defaultConfigurationName = Release;
		};
		766F152E1FC1304700A8197B /* Build configuration list for PBXNativeTarget "tech-portail-mobile-iOSUITests" */ = {
			isa = XCConfigurationList;
			buildConfigurations = (
				766F152F1FC1304700A8197B /* Debug */,
				766F15301FC1304700A8197B /* Release */,
			);
			defaultConfigurationIsVisible = 0;
			defaultConfigurationName = Release;
		};
/* End XCConfigurationList section */
	};
	rootObject = 766F14F81FC1304700A8197B /* Project object */;
}
